
Microsoft Visual Studio Solution File, Format Version 12.00
# Visual Studio 15
VisualStudioVersion = 15.0.27130.2027
MinimumVisualStudioVersion = 10.0.40219.1
Project("{FAE04EC0-301F-11D3-BF4B-00C04F79EFBC}") = "CXOptimizerCollector", "CXOptimizerCollector.csproj", "{89EA56E5-340B-4097-8117-19A4994FCFB8}"
EndProject
Project("{FAE04EC0-301F-11D3-BF4B-00C04F79EFBC}") = "CXOptimizeCollectorTest", "..\CXOptimizeCollectorTest\CXOptimizeCollectorTest.csproj", "{453B42FB-680A-4F54-8BAB-51C332E65445}"
EndProject
Global
	GlobalSection(SolutionConfigurationPlatforms) = preSolution
		Debug|Any CPU = Debug|Any CPU
		Release|Any CPU = Release|Any CPU
	EndGlobalSection
	GlobalSection(ProjectConfigurationPlatforms) = postSolution
		{89EA56E5-340B-4097-8117-19A4994FCFB8}.Debug|Any CPU.ActiveCfg = Debug|Any CPU
		{89EA56E5-340B-4097-8117-19A4994FCFB8}.Debug|Any CPU.Build.0 = Debug|Any CPU
		{89EA56E5-340B-4097-8117-19A4994FCFB8}.Release|Any CPU.ActiveCfg = Release|Any CPU
		{89EA56E5-340B-4097-8117-19A4994FCFB8}.Release|Any CPU.Build.0 = Release|Any CPU
		{453B42FB-680A-4F54-8BAB-51C332E65445}.Debug|Any CPU.ActiveCfg = Debug|Any CPU
		{453B42FB-680A-4F54-8BAB-51C332E65445}.Debug|Any CPU.Build.0 = Debug|Any CPU
		{453B42FB-680A-4F54-8BAB-51C332E65445}.Release|Any CPU.ActiveCfg = Release|Any CPU
		{453B42FB-680A-4F54-8BAB-51C332E65445}.Release|Any CPU.Build.0 = Release|Any CPU
	EndGlobalSection
	GlobalSection(SolutionProperties) = preSolution
		HideSolutionNode = FALSE
	EndGlobalSection
	GlobalSection(ExtensibilityGlobals) = postSolution
		SolutionGuid = {4E0E51CE-20F9-4BE3-824B-99D04C3C29FC}
	EndGlobalSection
EndGlobal
